GEM
  remote: https://rubygems.org/
  specs:
    bigdecimal (4.1.2)
    google-protobuf (4.36.1)
      bigdecimal
      rake (~> 13.3)
    google-protobuf (4.36.1-aarch64-linux-gnu)
      bigdecimal
      rake (~> 13.3)
    google-protobuf (4.36.1-aarch64-linux-musl)
      bigdecimal
      rake (~> 13.3)
    google-protobuf (4.36.1-arm64-darwin)
      bigdecimal
      rake (~> 13.3)
    google-protobuf (4.36.1-x86-linux-gnu)
      bigdecimal
      rake (~> 13.3)
    google-protobuf (4.36.1-x86-linux-musl)
      bigdecimal
      rake (~> 13.3)
    google-protobuf (4.36.1-x86_64-darwin)
      bigdecimal
      rake (~> 13.3)
    google-protobuf (4.36.1-x86_64-linux-gnu)
      bigdecimal
      rake (~> 13.3)
    google-protobuf (4.36.1-x86_64-linux-musl)
      bigdecimal
      rake (~> 13.3)
    googleapis-common-protos-types (1.23.0)
      google-protobuf (~> 4.26)
    grpc (1.83.1)
      google-protobuf (>= 3.25, < 5.0)
      googleapis-common-protos-types (~> 1.0)
    grpc (1.83.1-aarch64-linux-gnu)
      google-protobuf (>= 3.25, < 5.0)
      googleapis-common-protos-types (~> 1.0)
    grpc (1.83.1-aarch64-linux-musl)
      google-protobuf (>= 3.25, < 5.0)
      googleapis-common-protos-types (~> 1.0)
    grpc (1.83.1-arm64-darwin)
      google-protobuf (>= 3.25, < 5.0)
      googleapis-common-protos-types (~> 1.0)
    grpc (1.83.1-x86-linux-gnu)
      google-protobuf (>= 3.25, < 5.0)
      googleapis-common-protos-types (~> 1.0)
    grpc (1.83.1-x86-linux-musl)
      google-protobuf (>= 3.25, < 5.0)
      googleapis-common-protos-types (~> 1.0)
    grpc (1.83.1-x86_64-darwin)
      google-protobuf (>= 3.25, < 5.0)
      googleapis-common-protos-types (~> 1.0)
    grpc (1.83.1-x86_64-linux-gnu)
      google-protobuf (>= 3.25, < 5.0)
      googleapis-common-protos-types (~> 1.0)
    grpc (1.83.1-x86_64-linux-musl)
      google-protobuf (>= 3.25, < 5.0)
      googleapis-common-protos-types (~> 1.0)
    grpc-tools (1.83.1)
    rake (13.4.2)

PLATFORMS
  aarch64-linux-gnu
  aarch64-linux-musl
  arm64-darwin
  ruby
  x86-linux-gnu
  x86-linux-musl
  x86_64-darwin
  x86_64-linux-gnu
  x86_64-linux-musl

DEPENDENCIES
  grpc
  grpc-tools

CHECKSUMS
  bigdecimal (4.1.2) sha256=53d217666027eab4280346fba98e7d5b66baaae1b9c3c1c0ffe89d48188a3fbd
  google-protobuf (4.36.1) sha256=893ac9d66b36b6ea50da5418f856bc7c2d2072099a578aeefc2d7757dcab6a77
  google-protobuf (4.36.1-aarch64-linux-gnu) sha256=3883fa1b0e99221f68f4a8511bc4fb1888897dcb6cc8bf2805c92c16fc99b499
  google-protobuf (4.36.1-aarch64-linux-musl) sha256=6da393554ecc96168ae6ddf663392bf8ce4e4fce7c18fda348882ce2e97d6a87
  google-protobuf (4.36.1-arm64-darwin) sha256=4d82184f4582dfa123f9793cd7a73beca9b0d3f0d3717948c4120b6cc0d50f2d
  google-protobuf (4.36.1-x86-linux-gnu) sha256=4ea208a8d1a2369728da03e256fc7b454c6781bac486cbfa57d0ed7a0e6352f0
  google-protobuf (4.36.1-x86-linux-musl) sha256=ec302210ea53f136027f556904b0d13eaf7b4d17fd88b15ddd64b2f321c85dfd
  google-protobuf (4.36.1-x86_64-darwin) sha256=e92bf3c90c0a9c410cbe430cf366190b1b9b5b2b784f6195a43a178c2ef7e338
  google-protobuf (4.36.1-x86_64-linux-gnu) sha256=e735a3f3d6596b1010013c2030778bc030770e659106fe7e4ae0f07631b551cb
  google-protobuf (4.36.1-x86_64-linux-musl) sha256=ae2712b7960e8b1f96d52fef8c2c0dc1cd230f2be13e48492dad0aa2a6a7cf03
  googleapis-common-protos-types (1.23.0) sha256=992e740a523794d9fc5f29a504465d8fc737aaa16c930fe7228e3346860faf0a
  grpc (1.83.1) sha256=62cec19b86481876e719d572677b55457d9185fc8c18ac0e2c065803f0dd55c4
  grpc (1.83.1-aarch64-linux-gnu) sha256=d763c8453b2cb59fbfc65c96700b4eb00dd30a38e42ab8484e592cd9adda38a0
  grpc (1.83.1-aarch64-linux-musl) sha256=0b03e72926463ced015a896fbdf8c13ea90f4788f1970a3998b557d2a9263c44
  grpc (1.83.1-arm64-darwin) sha256=318b08cd32bb3a46e660c7e8aaf2f0b8ec72429396bf84576bb7266c846c5f32
  grpc (1.83.1-x86-linux-gnu) sha256=6faaddf4aeacb05d0d062a143e48745121d624bbd451b9a44c04f23526bae597
  grpc (1.83.1-x86-linux-musl) sha256=26f5eb6c76dc7c4933bebe6202aba17b302bb2f51c6527fde07bbff30ca37a63
  grpc (1.83.1-x86_64-darwin) sha256=224ff912796382d128d6f142473ff9e1029155a7239318baf1565416de0395cb
  grpc (1.83.1-x86_64-linux-gnu) sha256=f631e833c10eb9b3c0a20e53e6052fb54d3bd6701e5ce54222ca6f607786d12f
  grpc (1.83.1-x86_64-linux-musl) sha256=697bdd11327438fe7289bf1812b0fbd3b962a0b1636423b8b88f624a229f90c8
  grpc-tools (1.83.1) sha256=d523499333d1b589520c16d3cec4e0527cd87d70de359d25c4261b5bdb032469
  rake (13.4.2) sha256=cb825b2bd5f1f8e91ca37bddb4b9aaf345551b4731da62949be002fa89283701

BUNDLED WITH
  4.0.16
